
Microsoft Visual Studio Solution File, Format Version 12.00
# Visual Studio Version 17
VisualStudioVersion = 17.13.35825.156 d17.13
MinimumVisualStudioVersion = 10.0.40219.1
Project("{FAE04EC0-301F-11D3-BF4B-00C04F79EFBC}") = "SqlServerDemo", "SqlServerDemo\SqlServerDemo.csproj", "{A6D77AB6-8712-4B5C-B8C5-FEFD0E277CDD}"
EndProject
Global
	GlobalSection(SolutionConfigurationPlatforms) = preSolution
		Debug|Any CPU = Debug|Any CPU
		Release|Any CPU = Release|Any CPU
	EndGlobalSection
	GlobalSection(ProjectConfigurationPlatforms) = postSolution
		{A6D77AB6-8712-4B5C-B8C5-FEFD0E277CDD}.Debug|Any CPU.ActiveCfg = Debug|Any CPU
		{A6D77AB6-8712-4B5C-B8C5-FEFD0E277CDD}.Debug|Any CPU.Build.0 = Debug|Any CPU
		{A6D77AB6-8712-4B5C-B8C5-FEFD0E277CDD}.Release|Any CPU.ActiveCfg = Release|Any CPU
		{A6D77AB6-8712-4B5C-B8C5-FEFD0E277CDD}.Release|Any CPU.Build.0 = Release|Any CPU
	EndGlobalSection
	GlobalSection(SolutionProperties) = preSolution
		HideSolutionNode = FALSE
	EndGlobalSection
	GlobalSection(ExtensibilityGlobals) = postSolution
		SolutionGuid = {1A2E46AB-047E-43ED-B5A3-B5188E8A08CD}
	EndGlobalSection
EndGlobal
